{
  "name": "esp-app",
  "version": "1.3.2",
  "lockfileVersion": 1,
  "requires": true,
  "dependencies": {
    "angular": {
      "version": "1.3.13",
      "resolved": "https://registry.npmjs.org/angular/-/angular-1.3.13.tgz",
      "integrity": "sha1-8AWG9XXJvpcIR7RJxGV/I/ds+KU="
    },
    "angular-bootstrap": {
      "version": "0.12.2",
      "resolved": "https://registry.npmjs.org/angular-bootstrap/-/angular-bootstrap-0.12.2.tgz",
      "integrity": "sha1-3pkAp9sIen6dpHMEqcL3f5wGmCc="
    },
    "bootstrap": {
      "version": "3.3.2",
      "resolved": "https://registry.npmjs.org/bootstrap/-/bootstrap-3.3.2.tgz",
      "integrity": "sha1-Q7AoPfsqyDsSzT3B9COPUELtAsw="
    },
    "date.format": {
      "version": "1.1.2",
      "resolved": "https://registry.npmjs.org/date.format/-/date.format-1.1.2.tgz",
      "integrity": "sha1-WYpmkNf4vELUIXKKtjDWvSRDMoY=",
      "requires": {
        "string.format": "1.3.1"
      }
    },
    "font-awesome": {
      "version": "4.3.0",
      "resolved": "https://registry.npmjs.org/font-awesome/-/font-awesome-4.3.0.tgz",
      "integrity": "sha1-RO63kM35hmQnhvM/znhHZPGEHEA="
    },
    "glfx": {
      "version": "0.0.4",
      "resolved": "https://registry.npmjs.org/glfx/-/glfx-0.0.4.tgz",
      "integrity": "sha1-G3dtx0jAgZlGJLCvO1Y4QD3nj00="
    },
    "highstock-release": {
      "version": "6.0.4",
      "resolved": "https://registry.npmjs.org/highstock-release/-/highstock-release-6.0.4.tgz",
      "integrity": "sha1-xtmCJH2XMQUizXS2wsH0rphjPgk="
    },
    "html5shiv": {
      "version": "3.7.3",
      "resolved": "https://registry.npmjs.org/html5shiv/-/html5shiv-3.7.3.tgz",
      "integrity": "sha1-14qEo2e8uacQEA1XgCw4ewhGMdI="
    },
    "jquery": {
      "version": "1.11.3",
      "resolved": "https://registry.npmjs.org/jquery/-/jquery-1.11.3.tgz",
      "integrity": "sha1-3Yt0J4snEC0p32Pq4oMIqM+htYM="
    },
    "jquery-ui-dist": {
      "version": "1.12.1",
      "resolved": "https://registry.npmjs.org/jquery-ui-dist/-/jquery-ui-dist-1.12.1.tgz",
      "integrity": "sha1-XAgV08xvkP9fqvWyaKbiO0ypBPo="
    },
    "json.decycled": {
      "version": "2.1.1",
      "resolved": "https://registry.npmjs.org/json.decycled/-/json.decycled-2.1.1.tgz",
      "integrity": "sha1-1oPyB8EiEr1TU+dgkWQj78e9JDQ=",
      "requires": {
        "date.format": "1.1.2"
      }
    },
    "respond": {
      "version": "0.9.0",
      "resolved": "https://registry.npmjs.org/respond/-/respond-0.9.0.tgz",
      "integrity": "sha1-/Ywpjv4Ds7t/T8TLWN3X80tRzWg="
    },
    "string.format": {
      "version": "1.3.1",
      "resolved": "https://registry.npmjs.org/string.format/-/string.format-1.3.1.tgz",
      "integrity": "sha1-jibJTiXP+5Ea2sih+FhoMVJbJx8=",
      "requires": {
        "json.decycled": "2.1.1"
      }
    }
  }
}
